// !$*UTF8*$!
{
	archiveVersion = 1;
	classes = {
	};
	objectVersion = 56;
	objects = {

/* Begin PBXBuildFile section */
		226E399729D9EFE700902180 /* AppDelegate.swift in Sources */ = {isa = PBXBuildFile; fileRef = 226E399629D9EFE700902180 /* AppDelegate.swift */; };
		226E399929D9EFE700902180 /* SceneDelegate.swift in Sources */ = {isa = PBXBuildFile; fileRef = 226E399829D9EFE700902180 /* SceneDelegate.swift */; };
		226E399B29D9EFE700902180 /* ViewController.swift in Sources */ = {isa = PBXBuildFile; fileRef = 226E399A29D9EFE700902180 /* ViewController.swift */; };
		226E399E29D9EFE700902180 /* Main.storyboard in Resources */ = {isa = PBXBuildFile; fileRef = 226E399C29D9EFE700902180 /* Main.storyboard */; };
		226E39A129D9EFE700902180 /* UrlSessionOrnek.xcdatamodeld in Sources */ = {isa = PBXBuildFile; fileRef = 226E399F29D9EFE700902180 /* UrlSessionOrnek.xcdatamodeld */; };
		226E39A329D9EFE700902180 /* Assets.xcassets in Resources */ = {isa = PBXBuildFile; fileRef = 226E39A229D9EFE700902180 /* Assets.xcassets */; };
		226E39A629D9EFE700902180 /* LaunchScreen.storyboard in Resources */ = {isa = PBXBuildFile; fileRef = 226E39A429D9EFE700902180 /* LaunchScreen.storyboard */; };
/* End PBXBuildFile section */

/* Begin PBXFileReference section */
		226E399329D9EFE700902180 /* UrlSessionOrnek.app */ = {isa = PBXFileReference; explicitFileType = wrapper.application; includeInIndex = 0; path = UrlSessionOrnek.app; sourceTree = BUILT_PRODUCTS_DIR; };
		226E399629D9EFE700902180 /* AppDelegate.swift */ = {isa = PBXFileReference; lastKnownFileType = sourcecode.swift; path = AppDelegate.swift; sourceTree = "<group>"; };
		226E399829D9EFE700902180 /* SceneDelegate.swift */ = {isa = PBXFileReference; lastKnownFileType = sourcecode.swift; path = SceneDelegate.swift; sourceTree = "<group>"; };
		226E399A29D9EFE700902180 /* ViewController.swift */ = {isa = PBXFileReference; lastKnownFileType = sourcecode.swift; path = ViewController.swift; sourceTree = "<group>"; };
		226E399D29D9EFE700902180 /* Base */ = {isa = PBXFileReference; lastKnownFileType = file.storyboard; name = Base; path = Base.lproj/Main.storyboard; sourceTree = "<group>"; };
		226E39A029D9EFE700902180 /* UrlSessionOrnek.xcdatamodel */ = {isa = PBXFileReference; lastKnownFileType = wrapper.xcdatamodel; path = UrlSessionOrnek.xcdatamodel; sourceTree = "<group>"; };
		226E39A229D9EFE700902180 /* Assets.xcassets */ = {isa = PBXFileReference; lastKnownFileType = folder.assetcatalog; path = Assets.xcassets; sourceTree = "<group>"; };
		226E39A529D9EFE700902180 /* Base */ = {isa = PBXFileReference; lastKnownFileType = file.storyboard; name = Base; path = Base.lproj/LaunchScreen.storyboard; sourceTree = "<group>"; };
		226E39A729D9EFE700902180 /* Info.plist */ = {isa = PBXFileReference; lastKnownFileType = text.plist.xml; path = Info.plist; sourceTree = "<group>"; };
/* End PBXFileReference section */

/* Begin PBXFrameworksBuildPhase section */
		226E399029D9EFE700902180 /* Frameworks */ = {
			isa = PBXFrameworksBuildPhase;
			buildActionMask = 2147483647;
			files = (
			);
			runOnlyForDeploymentPostprocessing = 0;
		};
/* End PBXFrameworksBuildPhase section */

/* Begin PBXGroup section */
		226E398A29D9EFE700902180 = {
			isa = PBXGroup;
			children = (
				226E399529D9EFE700902180 /* UrlSessionOrnek */,
				226E399429D9EFE700902180 /* Products */,
			);
			sourceTree = "<group>";
		};
		226E399429D9EFE700902180 /* Products */ = {
			isa = PBXGroup;
			children = (
				226E399329D9EFE700902180 /* UrlSessionOrnek.app */,
			);
			name = Products;
			sourceTree = "<group>";
		};
		226E399529D9EFE700902180 /* UrlSessionOrnek */ = {
			isa = PBXGroup;
			children = (
				226E399629D9EFE700902180 /* AppDelegate.swift */,
				226E399829D9EFE700902180 /* SceneDelegate.swift */,
				226E399A29D9EFE700902180 /* ViewController.swift */,
				226E399C29D9EFE700902180 /* Main.storyboard */,
				226E39A229D9EFE700902180 /* Assets.xcassets */,
				226E39A429D9EFE700902180 /* LaunchScreen.storyboard */,
				226E39A729D9EFE700902180 /* Info.plist */,
				226E399F29D9EFE700902180 /* UrlSessionOrnek.xcdatamodeld */,
			);
			path = UrlSessionOrnek;
			sourceTree = "<group>";
		};
/* End PBXGroup section */

/* Begin PBXNativeTarget section */
		226E399229D9EFE700902180 /* UrlSessionOrnek */ = {
			isa = PBXNativeTarget;
			buildConfigurationList = 226E39AA29D9EFE700902180 /* Build configuration list for PBXNativeTarget "UrlSessionOrnek" */;
			buildPhases = (
				226E398F29D9EFE700902180 /* Sources */,
				226E399029D9EFE700902180 /* Frameworks */,
				226E399129D9EFE700902180 /* Resources */,
			);
			buildRules = (
			);
			dependencies = (
			);
			name = UrlSessionOrnek;
			productName = UrlSessionOrnek;
			productReference = 226E399329D9EFE700902180 /* UrlSessionOrnek.app */;
			productType = "com.apple.product-type.application";
		};
/* End PBXNativeTarget section */

/* Begin PBXProject section */
		226E398B29D9EFE700902180 /* Project object */ = {
			isa = PBXProject;
			attributes = {
				BuildIndependentTargetsInParallel = 1;
				LastSwiftUpdateCheck = 1430;
				LastUpgradeCheck = 1430;
				TargetAttributes = {
					226E399229D9EFE700902180 = {
						CreatedOnToolsVersion = 14.3;
					};
				};
			};
			buildConfigurationList = 226E398E29D9EFE700902180 /* Build configuration list for PBXProject "UrlSessionOrnek" */;
			compatibilityVersion = "Xcode 14.0";
			developmentRegion = en;
			hasScannedForEncodings = 0;
			knownRegions = (
				en,
				Base,
			);
			mainGroup = 226E398A29D9EFE700902180;
			productRefGroup = 226E399429D9EFE700902180 /* Products */;
			projectDirPath = "";
			projectRoot = "";
			targets = (
				226E399229D9EFE700902180 /* UrlSessionOrnek */,
			);
		};
/* End PBXProject section */

/* Begin PBXResourcesBuildPhase section */
		226E399129D9EFE700902180 /* Resources */ = {
			isa = PBXResourcesBuildPhase;
			buildActionMask = 2147483647;
			files = (
				226E39A629D9EFE700902180 /* LaunchScreen.storyboard in Resources */,
				226E39A329D9EFE700902180 /* Assets.xcassets in Resources */,
				226E399E29D9EFE700902180 /* Main.storyboard in Resources */,
			);
			runOnlyForDeploymentPostprocessing = 0;
		};
/* End PBXResourcesBuildPhase section */

/* Begin PBXSourcesBuildPhase section */
		226E398F29D9EFE700902180 /* Sources */ = {
			isa = PBXSourcesBuildPhase;
			buildActionMask = 2147483647;
			files = (
				226E399B29D9EFE700902180 /* ViewController.swift in Sources */,
				226E399729D9EFE700902180 /* AppDelegate.swift in Sources */,
				226E39A129D9EFE700902180 /* UrlSessionOrnek.xcdatamodeld in Sources */,
				226E399929D9EFE700902180 /* SceneDelegate.swift in Sources */,
			);
			runOnlyForDeploymentPostprocessing = 0;
		};
/* End PBXSourcesBuildPhase section */

/* Begin PBXVariantGroup section */
		226E399C29D9EFE700902180 /* Main.storyboard */ = {
			isa = PBXVariantGroup;
			children = (
				226E399D29D9EFE700902180 /* Base */,
			);
			name = Main.storyboard;
			sourceTree = "<group>";
		};
		226E39A429D9EFE700902180 /* LaunchScreen.storyboard */ = {
			isa = PBXVariantGroup;
			children = (
				226E39A529D9EFE700902180 /* Base */,
			);
			name = LaunchScreen.storyboard;
			sourceTree = "<group>";
		};
/* End PBXVariantGroup section */

/* Begin XCBuildConfiguration section */
		226E39A829D9EFE700902180 /* Debug */ = {
			isa = XCBuildConfiguration;
			buildSettings = {
				ALWAYS_SEARCH_USER_PATHS = NO;
				CLANG_ANALYZER_NONNULL = YES;
				CLANG_ANALYZER_NUMBER_OBJECT_CONVERSION = YES_AGGRESSIVE;
				CLANG_CXX_LANGUAGE_STANDARD = "gnu++20";
				CLANG_ENABLE_MODULES = YES;
				CLANG_ENABLE_OBJC_ARC = YES;
				CLANG_ENABLE_OBJC_WEAK = YES;
				CLANG_WARN_BLOCK_CAPTURE_AUTORELEASING = YES;
				CLANG_WARN_BOOL_CONVERSION = YES;
				CLANG_WARN_COMMA = YES;
				CLANG_WARN_CONSTANT_CONVERSION = YES;
				CLANG_WARN_DEPRECATED_OBJC_IMPLEMENTATIONS = YES;
				CLANG_WARN_DIRECT_OBJC_ISA_USAGE = YES_ERROR;
				CLANG_WARN_DOCUMENTATION_COMMENTS = YES;
				CLANG_WARN_EMPTY_BODY = YES;
				CLANG_WARN_ENUM_CONVERSION = YES;
				CLANG_WARN_INFINITE_RECURSION = YES;
				CLANG_WARN_INT_CONVERSION = YES;
				CLANG_WARN_NON_LITERAL_NULL_CONVERSION = YES;
				CLANG_WARN_OBJC_IMPLICIT_RETAIN_SELF = YES;
				CLANG_WARN_OBJC_LITERAL_CONVERSION = YES;
				CLANG_WARN_OBJC_ROOT_CLASS = YES_ERROR;
				CLANG_WARN_QUOTED_INCLUDE_IN_FRAMEWORK_HEADER = YES;
				CLANG_WARN_RANGE_LOOP_ANALYSIS = YES;
				CLANG_WARN_STRICT_PROTOTYPES = YES;
				CLANG_WARN_SUSPICIOUS_MOVE = YES;
				CLANG_WARN_UNGUARDED_AVAILABILITY = YES_AGGRESSIVE;
				CLANG_WARN_UNREACHABLE_CODE = YES;
				CLANG_WARN__DUPLICATE_METHOD_MATCH = YES;
				COPY_PHASE_STRIP = NO;
				DEBUG_INFORMATION_FORMAT = dwarf;
				ENABLE_STRICT_OBJC_MSGSEND = YES;
				ENABLE_TESTABILITY = YES;
				GCC_C_LANGUAGE_STANDARD = gnu11;
				GCC_DYNAMIC_NO_PIC = NO;
				GCC_NO_COMMON_BLOCKS = YES;
				GCC_OPTIMIZATION_LEVEL = 0;
				GCC_PREPROCESSOR_DEFINITIONS = (
					"DEBUG=1",
					"$(inherited)",
				);
				GCC_WARN_64_TO_32_BIT_CONVERSION = YES;
				GCC_WARN_ABOUT_RETURN_TYPE = YES_ERROR;
				GCC_WARN_UNDECLARED_SELECTOR = YES;
				GCC_WARN_UNINITIALIZED_AUTOS = YES_AGGRESSIVE;
				GCC_WARN_UNUSED_FUNCTION = YES;
				GCC_WARN_UNUSED_VARIABLE = YES;
				IPHONEOS_DEPLOYMENT_TARGET = 16.4;
				MTL_ENABLE_DEBUG_INFO = INCLUDE_SOURCE;
				MTL_FAST_MATH = YES;
				ONLY_ACTIVE_ARCH = YES;
				SDKROOT = iphoneos;
				SWIFT_ACTIVE_COMPILATION_CONDITIONS = DEBUG;
				SWIFT_OPTIMIZATION_LEVEL = "-Onone";
			};
			name = Debug;
		};
		226E39A929D9EFE700902180 /* Release */ = {
			isa = XCBuildConfiguration;
			buildSettings = {
				ALWAYS_SEARCH_USER_PATHS = NO;
				CLANG_ANALYZER_NONNULL = YES;
				CLANG_ANALYZER_NUMBER_OBJECT_CONVERSION = YES_AGGRESSIVE;
				CLANG_CXX_LANGUAGE_STANDARD = "gnu++20";
				CLANG_ENABLE_MODULES = YES;
				CLANG_ENABLE_OBJC_ARC = YES;
				CLANG_ENABLE_OBJC_WEAK = YES;
				CLANG_WARN_BLOCK_CAPTURE_AUTORELEASING = YES;
				CLANG_WARN_BOOL_CONVERSION = YES;
				CLANG_WARN_COMMA = YES;
				CLANG_WARN_CONSTANT_CONVERSION = YES;
				CLANG_WARN_DEPRECATED_OBJC_IMPLEMENTATIONS = YES;
				CLANG_WARN_DIRECT_OBJC_ISA_USAGE = YES_ERROR;
				CLANG_WARN_DOCUMENTATION_COMMENTS = YES;
				CLANG_WARN_EMPTY_BODY = YES;
				CLANG_WARN_ENUM_CONVERSION = YES;
				CLANG_WARN_INFINITE_RECURSION = YES;
				CLANG_WARN_INT_CONVERSION = YES;
				CLANG_WARN_NON_LITERAL_NULL_CONVERSION = YES;
				CLANG_WARN_OBJC_IMPLICIT_RETAIN_SELF = YES;
				CLANG_WARN_OBJC_LITERAL_CONVERSION = YES;
				CLANG_WARN_OBJC_ROOT_CLASS = YES_ERROR;
				CLANG_WARN_QUOTED_INCLUDE_IN_FRAMEWORK_HEADER = YES;
				CLANG_WARN_RANGE_LOOP_ANALYSIS = YES;
				CLANG_WARN_STRICT_PROTOTYPES = YES;
				CLANG_WARN_SUSPICIOUS_MOVE = YES;
				CLANG_WARN_UNGUARDED_AVAILABILITY = YES_AGGRESSIVE;
				CLANG_WARN_UNREACHABLE_CODE = YES;
				CLANG_WARN__DUPLICATE_METHOD_MATCH = YES;
				COPY_PHASE_STRIP = NO;
				DEBUG_INFORMATION_FORMAT = "dwarf-with-dsym";
				ENABLE_NS_ASSERTIONS = NO;
				ENABLE_STRICT_OBJC_MSGSEND = YES;
				GCC_C_LANGUAGE_STANDARD = gnu11;
				GCC_NO_COMMON_BLOCKS = YES;
				GCC_WARN_64_TO_32_BIT_CONVERSION = YES;
				GCC_WARN_ABOUT_RETURN_TYPE = YES_ERROR;
				GCC_WARN_UNDECLARED_SELECTOR = YES;
				GCC_WARN_UNINITIALIZED_AUTOS = YES_AGGRESSIVE;
				GCC_WARN_UNUSED_FUNCTION = YES;
				GCC_WARN_UNUSED_VARIABLE = YES;
				IPHONEOS_DEPLOYMENT_TARGET = 16.4;
				MTL_ENABLE_DEBUG_INFO = NO;
				MTL_FAST_MATH = YES;
				SDKROOT = iphoneos;
				SWIFT_COMPILATION_MODE = wholemodule;
				SWIFT_OPTIMIZATION_LEVEL = "-O";
				VALIDATE_PRODUCT = YES;
			};
			name = Release;
		};
		226E39AB29D9EFE700902180 /* Debug */ = {
			isa = XCBuildConfiguration;
			buildSettings = {
				ASSETCATALOG_COMPILER_APPICON_NAME = AppIcon;
				ASSETCATALOG_COMPILER_GLOBAL_ACCENT_COLOR_NAME = AccentColor;
				CODE_SIGN_STYLE = Automatic;
				CURRENT_PROJECT_VERSION = 1;
				DEVELOPMENT_TEAM = GWCL4FQ7R5;
				GENERATE_INFOPLIST_FILE = YES;
				INFOPLIST_FILE = UrlSessionOrnek/Info.plist;
				INFOPLIST_KEY_UIApplicationSupportsIndirectInputEvents = YES;
				INFOPLIST_KEY_UILaunchStoryboardName = LaunchScreen;
				INFOPLIST_KEY_UIMainStoryboardFile = Main;
				INFOPLIST_KEY_UISupportedInterfaceOrientations_iPad = "UIInterfaceOrientationPortrait UIInterfaceOrientationPortraitUpsideDown UIInterfaceOrientationLandscapeLeft UIInterfaceOrientationLandscapeRight";
				INFOPLIST_KEY_UISupportedInterfaceOrientations_iPhone = "UIInterfaceOrientationPortrait UIInterfaceOrientationLandscapeLeft UIInterfaceOrientationLandscapeRight";
				LD_RUNPATH_SEARCH_PATHS = (
					"$(inherited)",
					"@executable_path/Frameworks",
				);
				MARKETING_VERSION = 1.0;
				PRODUCT_BUNDLE_IDENTIFIER = com.dilanozturk.UrlSessionOrnek;
				PRODUCT_NAME = "$(TARGET_NAME)";
				SWIFT_EMIT_LOC_STRINGS = YES;
				SWIFT_VERSION = 5.0;
				TARGETED_DEVICE_FAMILY = "1,2";
			};
			name = Debug;
		};
		226E39AC29D9EFE700902180 /* Release */ = {
			isa = XCBuildConfiguration;
			buildSettings = {
				ASSETCATALOG_COMPILER_APPICON_NAME = AppIcon;
				ASSETCATALOG_COMPILER_GLOBAL_ACCENT_COLOR_NAME = AccentColor;
				CODE_SIGN_STYLE = Automatic;
				CURRENT_PROJECT_VERSION = 1;
				DEVELOPMENT_TEAM = GWCL4FQ7R5;
				GENERATE_INFOPLIST_FILE = YES;
				INFOPLIST_FILE = UrlSessionOrnek/Info.plist;
				INFOPLIST_KEY_UIApplicationSupportsIndirectInputEvents = YES;
				INFOPLIST_KEY_UILaunchStoryboardName = LaunchScreen;
				INFOPLIST_KEY_UIMainStoryboardFile = Main;
				INFOPLIST_KEY_UISupportedInterfaceOrientations_iPad = "UIInterfaceOrientationPortrait UIInterfaceOrientationPortraitUpsideDown UIInterfaceOrientationLandscapeLeft UIInterfaceOrientationLandscapeRight";
				INFOPLIST_KEY_UISupportedInterfaceOrientations_iPhone = "UIInterfaceOrientationPortrait UIInterfaceOrientationLandscapeLeft UIInterfaceOrientationLandscapeRight";
				LD_RUNPATH_SEARCH_PATHS = (
					"$(inherited)",
					"@executable_path/Frameworks",
				);
				MARKETING_VERSION = 1.0;
				PRODUCT_BUNDLE_IDENTIFIER = com.dilanozturk.UrlSessionOrnek;
				PRODUCT_NAME = "$(TARGET_NAME)";
				SWIFT_EMIT_LOC_STRINGS = YES;
				SWIFT_VERSION = 5.0;
				TARGETED_DEVICE_FAMILY = "1,2";
			};
			name = Release;
		};
/* End XCBuildConfiguration section */

/* Begin XCConfigurationList section */
		226E398E29D9EFE700902180 /* Build configuration list for PBXProject "UrlSessionOrnek" */ = {
			isa = XCConfigurationList;
			buildConfigurations = (
				226E39A829D9EFE700902180 /* Debug */,
				226E39A929D9EFE700902180 /* Release */,
			);
			defaultConfigurationIsVisible = 0;
			defaultConfigurationName = Release;
		};
		226E39AA29D9EFE700902180 /* Build configuration list for PBXNativeTarget "UrlSessionOrnek" */ = {
			isa = XCConfigurationList;
			buildConfigurations = (
				226E39AB29D9EFE700902180 /* Debug */,
				226E39AC29D9EFE700902180 /* Release */,
			);
			defaultConfigurationIsVisible = 0;
			defaultConfigurationName = Release;
		};
/* End XCConfigurationList section */

/* Begin XCVersionGroup section */
		226E399F29D9EFE700902180 /* UrlSessionOrnek.xcdatamodeld */ = {
			isa = XCVersionGroup;
			children = (
				226E39A029D9EFE700902180 /* UrlSessionOrnek.xcdatamodel */,
			);
			currentVersion = 226E39A029D9EFE700902180 /* UrlSessionOrnek.xcdatamodel */;
			path = UrlSessionOrnek.xcdatamodeld;
			sourceTree = "<group>";
			versionGroupType = wrapper.xcdatamodel;
		};
/* End XCVersionGroup section */
	};
	rootObject = 226E398B29D9EFE700902180 /* Project object */;
}
